
Microsoft Visual Studio Solution File, Format Version 12.00
# Visual Studio Version 17
VisualStudioVersion = 17.14.37111.16 d17.14
MinimumVisualStudioVersion = 10.0.40219.1
Project("{FAE04EC0-301F-11D3-BF4B-00C04F79EFBC}") = "MessengerServer", "MessengerServer.csproj", "{CBC504A6-EDA6-7EDE-7A7E-A5C98695179A}"
EndProject
Global
	GlobalSection(SolutionConfigurationPlatforms) = preSolution
		Debug|Any CPU = Debug|Any CPU
		Release|Any CPU = Release|Any CPU
	EndGlobalSection
	GlobalSection(ProjectConfigurationPlatforms) = postSolution
		{CBC504A6-EDA6-7EDE-7A7E-A5C98695179A}.Debug|Any CPU.ActiveCfg = Debug|Any CPU
		{CBC504A6-EDA6-7EDE-7A7E-A5C98695179A}.Debug|Any CPU.Build.0 = Debug|Any CPU
		{CBC504A6-EDA6-7EDE-7A7E-A5C98695179A}.Release|Any CPU.ActiveCfg = Release|Any CPU
		{CBC504A6-EDA6-7EDE-7A7E-A5C98695179A}.Release|Any CPU.Build.0 = Release|Any CPU
	EndGlobalSection
	GlobalSection(SolutionProperties) = preSolution
		HideSolutionNode = FALSE
	EndGlobalSection
	GlobalSection(ExtensibilityGlobals) = postSolution
		SolutionGuid = {30CCFC47-3E26-4645-B8C1-2AA908514386}
	EndGlobalSection
EndGlobal
